PODS:
  - Alamofire (5.8.0)
  - AlamofireImage (4.2.0):
    - Alamofire (~> 5.4)
  - EasyDi (1.6.1)
  - Realm (10.42.1):
    - Realm/Headers (= 10.42.1)
  - Realm/Headers (10.42.1)
  - RealmSwift (10.42.1):
    - Realm (= 10.42.1)

DEPENDENCIES:
  - Alamofire
  - AlamofireImage
  - EasyDi
  - RealmSwift

SPEC REPOS:
  trunk:
    - Alamofire
    - AlamofireImage
    - EasyDi
    - Realm
    - RealmSwift

SPEC CHECKSUMS:
  Alamofire: 0e92e751b3e9e66d7982db43919d01f313b8eb91
  AlamofireImage: 34a2d90b0e5fe6a5605f85ae4b7b01e784c60192
  EasyDi: 3d7d4c0d3ad2d78b3ff22d4755590d32945f69cc
  Realm: f433b80a05f68575e88364d6fcc6234965ccc5af
  RealmSwift: 757e1416e2314f7e1543abdb2aa65b311d7b6545

PODFILE CHECKSUM: 915d4c88cedbb664adcc51cdc87e995d0d10dca8

COCOAPODS: 1.12.1
